
Microsoft Visual Studio Solution File, Format Version 12.00
# Visual Studio Version 17
VisualStudioVersion = 17.8.34525.116
MinimumVisualStudioVersion = 10.0.40219.1
Project("{FAE04EC0-301F-11D3-BF4B-00C04F79EFBC}") = "Papeleria MVC", "Papeleria MVC.csproj", "{46E93130-0CFC-4760-B127-FA30CB5F54F4}"
EndProject
Global
	GlobalSection(SolutionConfigurationPlatforms) = preSolution
		Debug|Any CPU = Debug|Any CPU
		Release|Any CPU = Release|Any CPU
	EndGlobalSection
	GlobalSection(ProjectConfigurationPlatforms) = postSolution
		{46E93130-0CFC-4760-B127-FA30CB5F54F4}.Debug|Any CPU.ActiveCfg = Debug|Any CPU
		{46E93130-0CFC-4760-B127-FA30CB5F54F4}.Debug|Any CPU.Build.0 = Debug|Any CPU
		{46E93130-0CFC-4760-B127-FA30CB5F54F4}.Release|Any CPU.ActiveCfg = Release|Any CPU
		{46E93130-0CFC-4760-B127-FA30CB5F54F4}.Release|Any CPU.Build.0 = Release|Any CPU
	EndGlobalSection
	GlobalSection(SolutionProperties) = preSolution
		HideSolutionNode = FALSE
	EndGlobalSection
	GlobalSection(ExtensibilityGlobals) = postSolution
		SolutionGuid = {B111DA25-D4E7-4926-A0AE-E498CB24B9AC}
	EndGlobalSection
EndGlobal
